
Microsoft Visual Studio Solution File, Format Version 12.00
# Visual Studio Version 17
VisualStudioVersion = 17.4.33213.308
MinimumVisualStudioVersion = 10.0.40219.1
Project("{FAE04EC0-301F-11D3-BF4B-00C04F79EFBC}") = "ReactAspCrud", "ReactAspCrud\ReactAspCrud.csproj", "{47078A23-80CC-4964-A765-77CC10D645A4}"
EndProject
Global
	GlobalSection(SolutionConfigurationPlatforms) = preSolution
		Debug|Any CPU = Debug|Any CPU
		Release|Any CPU = Release|Any CPU
	EndGlobalSection
	GlobalSection(ProjectConfigurationPlatforms) = postSolution
		{47078A23-80CC-4964-A765-77CC10D645A4}.Debug|Any CPU.ActiveCfg = Debug|Any CPU
		{47078A23-80CC-4964-A765-77CC10D645A4}.Debug|Any CPU.Build.0 = Debug|Any CPU
		{47078A23-80CC-4964-A765-77CC10D645A4}.Release|Any CPU.ActiveCfg = Release|Any CPU
		{47078A23-80CC-4964-A765-77CC10D645A4}.Release|Any CPU.Build.0 = Release|Any CPU
	EndGlobalSection
	GlobalSection(SolutionProperties) = preSolution
		HideSolutionNode = FALSE
	EndGlobalSection
	GlobalSection(ExtensibilityGlobals) = postSolution
		SolutionGuid = {724728C6-4F42-4DA9-BEE2-30EE5258BD78}
	EndGlobalSection
EndGlobal
